
Microsoft Visual Studio Solution File, Format Version 12.00
# Visual Studio Version 16
VisualStudioVersion = 16.0.32002.261
MinimumVisualStudioVersion = 10.0.40219.1
Project("{FAE04EC0-301F-11D3-BF4B-00C04F79EFBC}") = "Echenique OS", "Echenique OS\Echenique OS.csproj", "{6988D362-844B-4A5C-8CEA-C9A2377D09DA}"
EndProject
Global
	GlobalSection(SolutionConfigurationPlatforms) = preSolution
		Debug|Any CPU = Debug|Any CPU
		Release|Any CPU = Release|Any CPU
	EndGlobalSection
	GlobalSection(ProjectConfigurationPlatforms) = postSolution
		{6988D362-844B-4A5C-8CEA-C9A2377D09DA}.Debug|Any CPU.ActiveCfg = Debug|Any CPU
		{6988D362-844B-4A5C-8CEA-C9A2377D09DA}.Debug|Any CPU.Build.0 = Debug|Any CPU
		{6988D362-844B-4A5C-8CEA-C9A2377D09DA}.Release|Any CPU.ActiveCfg = Release|Any CPU
		{6988D362-844B-4A5C-8CEA-C9A2377D09DA}.Release|Any CPU.Build.0 = Release|Any CPU
	EndGlobalSection
	GlobalSection(SolutionProperties) = preSolution
		HideSolutionNode = FALSE
	EndGlobalSection
	GlobalSection(ExtensibilityGlobals) = postSolution
		SolutionGuid = {487F5F3C-BD71-47D8-965D-4D446B9E8E71}
	EndGlobalSection
EndGlobal
